// !$*UTF8*$!
{
	archiveVersion = 1;
	classes = {
	};
	objectVersion = 50;
	objects = {

/* Begin PBXBuildFile section */
		FA3321C52512787A00A3F547 /* DocumentInfoViewController.swift in Sources */ = {isa = PBXBuildFile; fileRef = FA3321C42512787A00A3F547 /* DocumentInfoViewController.swift */; };
		FAFD013A2510E70E00BB3C17 /* AppDelegate.swift in Sources */ = {isa = PBXBuildFile; fileRef = FAFD01392510E70E00BB3C17 /* AppDelegate.swift */; };
		FAFD013C2510E70E00BB3C17 /* DocumentBrowserViewController.swift in Sources */ = {isa = PBXBuildFile; fileRef = FAFD013B2510E70E00BB3C17 /* DocumentBrowserViewController.swift */; };
		FAFD01402510E70E00BB3C17 /* EmojiArtDocument.swift in Sources */ = {isa = PBXBuildFile; fileRef = FAFD013F2510E70E00BB3C17 /* EmojiArtDocument.swift */; };
		FAFD01432510E70E00BB3C17 /* Main.storyboard in Resources */ = {isa = PBXBuildFile; fileRef = FAFD01412510E70E00BB3C17 /* Main.storyboard */; };
		FAFD01452510E71300BB3C17 /* Assets.xcassets in Resources */ = {isa = PBXBuildFile; fileRef = FAFD01442510E71300BB3C17 /* Assets.xcassets */; };
		FAFD01482510E71300BB3C17 /* LaunchScreen.storyboard in Resources */ = {isa = PBXBuildFile; fileRef = FAFD01462510E71300BB3C17 /* LaunchScreen.storyboard */; };
		FAFD01562510E8FF00BB3C17 /* EmojiArtViewController.swift in Sources */ = {isa = PBXBuildFile; fileRef = FAFD01502510E8FF00BB3C17 /* EmojiArtViewController.swift */; };
		FAFD01572510E8FF00BB3C17 /* EmojiArtView.swift in Sources */ = {isa = PBXBuildFile; fileRef = FAFD01512510E8FF00BB3C17 /* EmojiArtView.swift */; };
		FAFD01582510E8FF00BB3C17 /* EmojiArtView+Gestures.swift in Sources */ = {isa = PBXBuildFile; fileRef = FAFD01522510E8FF00BB3C17 /* EmojiArtView+Gestures.swift */; };
		FAFD01592510E8FF00BB3C17 /* EmojiCollectionViewCell.swift in Sources */ = {isa = PBXBuildFile; fileRef = FAFD01532510E8FF00BB3C17 /* EmojiCollectionViewCell.swift */; };
		FAFD015A2510E8FF00BB3C17 /* EmojiArt.swift in Sources */ = {isa = PBXBuildFile; fileRef = FAFD01542510E8FF00BB3C17 /* EmojiArt.swift */; };
		FAFD015B2510E8FF00BB3C17 /* Utilities.swift in Sources */ = {isa = PBXBuildFile; fileRef = FAFD01552510E8FF00BB3C17 /* Utilities.swift */; };
/* End PBXBuildFile section */

/* Begin PBXFileReference section */
		FA3321C42512787A00A3F547 /* DocumentInfoViewController.swift */ = {isa = PBXFileReference; lastKnownFileType = sourcecode.swift; path = DocumentInfoViewController.swift; sourceTree = "<group>"; };
		FAFD01362510E70E00BB3C17 /* EmojiArtDoc.app */ = {isa = PBXFileReference; explicitFileType = wrapper.application; includeInIndex = 0; path = EmojiArtDoc.app; sourceTree = BUILT_PRODUCTS_DIR; };
		FAFD01392510E70E00BB3C17 /* AppDelegate.swift */ = {isa = PBXFileReference; lastKnownFileType = sourcecode.swift; path = AppDelegate.swift; sourceTree = "<group>"; };
		FAFD013B2510E70E00BB3C17 /* DocumentBrowserViewController.swift */ = {isa = PBXFileReference; lastKnownFileType = sourcecode.swift; path = DocumentBrowserViewController.swift; sourceTree = "<group>"; };
		FAFD013F2510E70E00BB3C17 /* EmojiArtDocument.swift */ = {isa = PBXFileReference; lastKnownFileType = sourcecode.swift; path = EmojiArtDocument.swift; sourceTree = "<group>"; };
		FAFD01422510E70E00BB3C17 /* Base */ = {isa = PBXFileReference; lastKnownFileType = file.storyboard; name = Base; path = Base.lproj/Main.storyboard; sourceTree = "<group>"; };
		FAFD01442510E71300BB3C17 /* Assets.xcassets */ = {isa = PBXFileReference; lastKnownFileType = folder.assetcatalog; path = Assets.xcassets; sourceTree = "<group>"; };
		FAFD01472510E71300BB3C17 /* Base */ = {isa = PBXFileReference; lastKnownFileType = file.storyboard; name = Base; path = Base.lproj/LaunchScreen.storyboard; sourceTree = "<group>"; };
		FAFD01492510E71300BB3C17 /* Info.plist */ = {isa = PBXFileReference; lastKnownFileType = text.plist.xml; path = Info.plist; sourceTree = "<group>"; };
		FAFD01502510E8FF00BB3C17 /* EmojiArtViewController.swift */ = {isa = PBXFileReference; fileEncoding = 4; lastKnownFileType = sourcecode.swift; path = EmojiArtViewController.swift; sourceTree = "<group>"; };
		FAFD01512510E8FF00BB3C17 /* EmojiArtView.swift */ = {isa = PBXFileReference; fileEncoding = 4; lastKnownFileType = sourcecode.swift; path = EmojiArtView.swift; sourceTree = "<group>"; };
		FAFD01522510E8FF00BB3C17 /* EmojiArtView+Gestures.swift */ = {isa = PBXFileReference; fileEncoding = 4; lastKnownFileType = sourcecode.swift; path = "EmojiArtView+Gestures.swift"; sourceTree = "<group>"; };
		FAFD01532510E8FF00BB3C17 /* EmojiCollectionViewCell.swift */ = {isa = PBXFileReference; fileEncoding = 4; lastKnownFileType = sourcecode.swift; path = EmojiCollectionViewCell.swift; sourceTree = "<group>"; };
		FAFD01542510E8FF00BB3C17 /* EmojiArt.swift */ = {isa = PBXFileReference; fileEncoding = 4; lastKnownFileType = sourcecode.swift; path = EmojiArt.swift; sourceTree = "<group>"; };
		FAFD01552510E8FF00BB3C17 /* Utilities.swift */ = {isa = PBXFileReference; fileEncoding = 4; lastKnownFileType = sourcecode.swift; path = Utilities.swift; sourceTree = "<group>"; };
/* End PBXFileReference section */

/* Begin PBXFrameworksBuildPhase section */
		FAFD01332510E70E00BB3C17 /* Frameworks */ = {
			isa = PBXFrameworksBuildPhase;
			buildActionMask = 2147483647;
			files = (
			);
			runOnlyForDeploymentPostprocessing = 0;
		};
/* End PBXFrameworksBuildPhase section */

/* Begin PBXGroup section */
		FAFD012D2510E70D00BB3C17 = {
			isa = PBXGroup;
			children = (
				FAFD01382510E70E00BB3C17 /* EmojiArtDoc */,
				FAFD01372510E70E00BB3C17 /* Products */,
			);
			sourceTree = "<group>";
		};
		FAFD01372510E70E00BB3C17 /* Products */ = {
			isa = PBXGroup;
			children = (
				FAFD01362510E70E00BB3C17 /* EmojiArtDoc.app */,
			);
			name = Products;
			sourceTree = "<group>";
		};
		FAFD01382510E70E00BB3C17 /* EmojiArtDoc */ = {
			isa = PBXGroup;
			children = (
				FAFD013B2510E70E00BB3C17 /* DocumentBrowserViewController.swift */,
				FAFD01502510E8FF00BB3C17 /* EmojiArtViewController.swift */,
				FA3321C42512787A00A3F547 /* DocumentInfoViewController.swift */,
				FAFD013F2510E70E00BB3C17 /* EmojiArtDocument.swift */,
				FAFD01542510E8FF00BB3C17 /* EmojiArt.swift */,
				FAFD01512510E8FF00BB3C17 /* EmojiArtView.swift */,
				FAFD01522510E8FF00BB3C17 /* EmojiArtView+Gestures.swift */,
				FAFD01532510E8FF00BB3C17 /* EmojiCollectionViewCell.swift */,
				FAFD01552510E8FF00BB3C17 /* Utilities.swift */,
				FAFD01412510E70E00BB3C17 /* Main.storyboard */,
				FAFD014F2510E73300BB3C17 /* Supported Files */,
				FAFD01492510E71300BB3C17 /* Info.plist */,
			);
			path = EmojiArtDoc;
			sourceTree = "<group>";
		};
		FAFD014F2510E73300BB3C17 /* Supported Files */ = {
			isa = PBXGroup;
			children = (
				FAFD01392510E70E00BB3C17 /* AppDelegate.swift */,
				FAFD01442510E71300BB3C17 /* Assets.xcassets */,
				FAFD01462510E71300BB3C17 /* LaunchScreen.storyboard */,
			);
			path = "Supported Files";
			sourceTree = "<group>";
		};
/* End PBXGroup section */

/* Begin PBXNativeTarget section */
		FAFD01352510E70E00BB3C17 /* EmojiArtDoc */ = {
			isa = PBXNativeTarget;
			buildConfigurationList = FAFD014C2510E71300BB3C17 /* Build configuration list for PBXNativeTarget "EmojiArtDoc" */;
			buildPhases = (
				FAFD01322510E70E00BB3C17 /* Sources */,
				FAFD01332510E70E00BB3C17 /* Frameworks */,
				FAFD01342510E70E00BB3C17 /* Resources */,
			);
			buildRules = (
			);
			dependencies = (
			);
			name = EmojiArtDoc;
			productName = EmojiArtDoc;
			productReference = FAFD01362510E70E00BB3C17 /* EmojiArtDoc.app */;
			productType = "com.apple.product-type.application";
		};
/* End PBXNativeTarget section */

/* Begin PBXProject section */
		FAFD012E2510E70D00BB3C17 /* Project object */ = {
			isa = PBXProject;
			attributes = {
				LastSwiftUpdateCheck = 1170;
				LastUpgradeCheck = 1170;
				ORGANIZATIONNAME = "Alex Grebenkin";
				TargetAttributes = {
					FAFD01352510E70E00BB3C17 = {
						CreatedOnToolsVersion = 11.7;
					};
				};
			};
			buildConfigurationList = FAFD01312510E70D00BB3C17 /* Build configuration list for PBXProject "EmojiArtDoc" */;
			compatibilityVersion = "Xcode 9.3";
			developmentRegion = en;
			hasScannedForEncodings = 0;
			knownRegions = (
				en,
				Base,
			);
			mainGroup = FAFD012D2510E70D00BB3C17;
			productRefGroup = FAFD01372510E70E00BB3C17 /* Products */;
			projectDirPath = "";
			projectRoot = "";
			targets = (
				FAFD01352510E70E00BB3C17 /* EmojiArtDoc */,
			);
		};
/* End PBXProject section */

/* Begin PBXResourcesBuildPhase section */
		FAFD01342510E70E00BB3C17 /* Resources */ = {
			isa = PBXResourcesBuildPhase;
			buildActionMask = 2147483647;
			files = (
				FAFD01482510E71300BB3C17 /* LaunchScreen.storyboard in Resources */,
				FAFD01452510E71300BB3C17 /* Assets.xcassets in Resources */,
				FAFD01432510E70E00BB3C17 /* Main.storyboard in Resources */,
			);
			runOnlyForDeploymentPostprocessing = 0;
		};
/* End PBXResourcesBuildPhase section */

/* Begin PBXSourcesBuildPhase section */
		FAFD01322510E70E00BB3C17 /* Sources */ = {
			isa = PBXSourcesBuildPhase;
			buildActionMask = 2147483647;
			files = (
				FAFD01592510E8FF00BB3C17 /* EmojiCollectionViewCell.swift in Sources */,
				FAFD01402510E70E00BB3C17 /* EmojiArtDocument.swift in Sources */,
				FAFD01572510E8FF00BB3C17 /* EmojiArtView.swift in Sources */,
				FAFD01562510E8FF00BB3C17 /* EmojiArtViewController.swift in Sources */,
				FA3321C52512787A00A3F547 /* DocumentInfoViewController.swift in Sources */,
				FAFD015A2510E8FF00BB3C17 /* EmojiArt.swift in Sources */,
				FAFD013C2510E70E00BB3C17 /* DocumentBrowserViewController.swift in Sources */,
				FAFD015B2510E8FF00BB3C17 /* Utilities.swift in Sources */,
				FAFD013A2510E70E00BB3C17 /* AppDelegate.swift in Sources */,
				FAFD01582510E8FF00BB3C17 /* EmojiArtView+Gestures.swift in Sources */,
			);
			runOnlyForDeploymentPostprocessing = 0;
		};
/* End PBXSourcesBuildPhase section */

/* Begin PBXVariantGroup section */
		FAFD01412510E70E00BB3C17 /* Main.storyboard */ = {
			isa = PBXVariantGroup;
			children = (
				FAFD01422510E70E00BB3C17 /* Base */,
			);
			name = Main.storyboard;
			sourceTree = "<group>";
		};
		FAFD01462510E71300BB3C17 /* LaunchScreen.storyboard */ = {
			isa = PBXVariantGroup;
			children = (
				FAFD01472510E71300BB3C17 /* Base */,
			);
			name = LaunchScreen.storyboard;
			sourceTree = "<group>";
		};
/* End PBXVariantGroup section */

/* Begin XCBuildConfiguration section */
		FAFD014A2510E71300BB3C17 /* Debug */ = {
			isa = XCBuildConfiguration;
			buildSettings = {
				ALWAYS_SEARCH_USER_PATHS = NO;
				CLANG_ANALYZER_NONNULL = YES;
				CLANG_ANALYZER_NUMBER_OBJECT_CONVERSION = YES_AGGRESSIVE;
				CLANG_CXX_LANGUAGE_STANDARD = "gnu++14";
				CLANG_CXX_LIBRARY = "libc++";
				CLANG_ENABLE_MODULES = YES;
				CLANG_ENABLE_OBJC_ARC = YES;
				CLANG_ENABLE_OBJC_WEAK = YES;
				CLANG_WARN_BLOCK_CAPTURE_AUTORELEASING = YES;
				CLANG_WARN_BOOL_CONVERSION = YES;
				CLANG_WARN_COMMA = YES;
				CLANG_WARN_CONSTANT_CONVERSION = YES;
				CLANG_WARN_DEPRECATED_OBJC_IMPLEMENTATIONS = YES;
				CLANG_WARN_DIRECT_OBJC_ISA_USAGE = YES_ERROR;
				CLANG_WARN_DOCUMENTATION_COMMENTS = YES;
				CLANG_WARN_EMPTY_BODY = YES;
				CLANG_WARN_ENUM_CONVERSION = YES;
				CLANG_WARN_INFINITE_RECURSION = YES;
				CLANG_WARN_INT_CONVERSION = YES;
				CLANG_WARN_NON_LITERAL_NULL_CONVERSION = YES;
				CLANG_WARN_OBJC_IMPLICIT_RETAIN_SELF = YES;
				CLANG_WARN_OBJC_LITERAL_CONVERSION = YES;
				CLANG_WARN_OBJC_ROOT_CLASS = YES_ERROR;
				CLANG_WARN_RANGE_LOOP_ANALYSIS = YES;
				CLANG_WARN_STRICT_PROTOTYPES = YES;
				CLANG_WARN_SUSPICIOUS_MOVE = YES;
				CLANG_WARN_UNGUARDED_AVAILABILITY = YES_AGGRESSIVE;
				CLANG_WARN_UNREACHABLE_CODE = YES;
				CLANG_WARN__DUPLICATE_METHOD_MATCH = YES;
				COPY_PHASE_STRIP = NO;
				DEBUG_INFORMATION_FORMAT = dwarf;
				ENABLE_STRICT_OBJC_MSGSEND = YES;
				ENABLE_TESTABILITY = YES;
				GCC_C_LANGUAGE_STANDARD = gnu11;
				GCC_DYNAMIC_NO_PIC = NO;
				GCC_NO_COMMON_BLOCKS = YES;
				GCC_OPTIMIZATION_LEVEL = 0;
				GCC_PREPROCESSOR_DEFINITIONS = (
					"DEBUG=1",
					"$(inherited)",
				);
				GCC_WARN_64_TO_32_BIT_CONVERSION = YES;
				GCC_WARN_ABOUT_RETURN_TYPE = YES_ERROR;
				GCC_WARN_UNDECLARED_SELECTOR = YES;
				GCC_WARN_UNINITIALIZED_AUTOS = YES_AGGRESSIVE;
				GCC_WARN_UNUSED_FUNCTION = YES;
				GCC_WARN_UNUSED_VARIABLE = YES;
				IPHONEOS_DEPLOYMENT_TARGET = 13.7;
				MTL_ENABLE_DEBUG_INFO = INCLUDE_SOURCE;
				MTL_FAST_MATH = YES;
				ONLY_ACTIVE_ARCH = YES;
				SDKROOT = iphoneos;
				SWIFT_ACTIVE_COMPILATION_CONDITIONS = DEBUG;
				SWIFT_OPTIMIZATION_LEVEL = "-Onone";
			};
			name = Debug;
		};
		FAFD014B2510E71300BB3C17 /* Release */ = {
			isa = XCBuildConfiguration;
			buildSettings = {
				ALWAYS_SEARCH_USER_PATHS = NO;
				CLANG_ANALYZER_NONNULL = YES;
				CLANG_ANALYZER_NUMBER_OBJECT_CONVERSION = YES_AGGRESSIVE;
				CLANG_CXX_LANGUAGE_STANDARD = "gnu++14";
				CLANG_CXX_LIBRARY = "libc++";
				CLANG_ENABLE_MODULES = YES;
				CLANG_ENABLE_OBJC_ARC = YES;
				CLANG_ENABLE_OBJC_WEAK = YES;
				CLANG_WARN_BLOCK_CAPTURE_AUTORELEASING = YES;
				CLANG_WARN_BOOL_CONVERSION = YES;
				CLANG_WARN_COMMA = YES;
				CLANG_WARN_CONSTANT_CONVERSION = YES;
				CLANG_WARN_DEPRECATED_OBJC_IMPLEMENTATIONS = YES;
				CLANG_WARN_DIRECT_OBJC_ISA_USAGE = YES_ERROR;
				CLANG_WARN_DOCUMENTATION_COMMENTS = YES;
				CLANG_WARN_EMPTY_BODY = YES;
				CLANG_WARN_ENUM_CONVERSION = YES;
				CLANG_WARN_INFINITE_RECURSION = YES;
				CLANG_WARN_INT_CONVERSION = YES;
				CLANG_WARN_NON_LITERAL_NULL_CONVERSION = YES;
				CLANG_WARN_OBJC_IMPLICIT_RETAIN_SELF = YES;
				CLANG_WARN_OBJC_LITERAL_CONVERSION = YES;
				CLANG_WARN_OBJC_ROOT_CLASS = YES_ERROR;
				CLANG_WARN_RANGE_LOOP_ANALYSIS = YES;
				CLANG_WARN_STRICT_PROTOTYPES = YES;
				CLANG_WARN_SUSPICIOUS_MOVE = YES;
				CLANG_WARN_UNGUARDED_AVAILABILITY = YES_AGGRESSIVE;
				CLANG_WARN_UNREACHABLE_CODE = YES;
				CLANG_WARN__DUPLICATE_METHOD_MATCH = YES;
				COPY_PHASE_STRIP = NO;
				DEBUG_INFORMATION_FORMAT = "dwarf-with-dsym";
				ENABLE_NS_ASSERTIONS = NO;
				ENABLE_STRICT_OBJC_MSGSEND = YES;
				GCC_C_LANGUAGE_STANDARD = gnu11;
				GCC_NO_COMMON_BLOCKS = YES;
				GCC_WARN_64_TO_32_BIT_CONVERSION = YES;
				GCC_WARN_ABOUT_RETURN_TYPE = YES_ERROR;
				GCC_WARN_UNDECLARED_SELECTOR = YES;
				GCC_WARN_UNINITIALIZED_AUTOS = YES_AGGRESSIVE;
				GCC_WARN_UNUSED_FUNCTION = YES;
				GCC_WARN_UNUSED_VARIABLE = YES;
				IPHONEOS_DEPLOYMENT_TARGET = 13.7;
				MTL_ENABLE_DEBUG_INFO = NO;
				MTL_FAST_MATH = YES;
				SDKROOT = iphoneos;
				SWIFT_COMPILATION_MODE = wholemodule;
				SWIFT_OPTIMIZATION_LEVEL = "-O";
				VALIDATE_PRODUCT = YES;
			};
			name = Release;
		};
		FAFD014D2510E71300BB3C17 /* Debug */ = {
			isa = XCBuildConfiguration;
			buildSettings = {
				ASSETCATALOG_COMPILER_APPICON_NAME = AppIcon;
				CODE_SIGN_STYLE = Automatic;
				DEVELOPMENT_TEAM = 5N694U2NVC;
				INFOPLIST_FILE = EmojiArtDoc/Info.plist;
				LD_RUNPATH_SEARCH_PATHS = (
					"$(inherited)",
					"@executable_path/Frameworks",
				);
				PRODUCT_BUNDLE_IDENTIFIER = ru.avgrebenkin.EmojiArtDoc;
				PRODUCT_NAME = "$(TARGET_NAME)";
				SWIFT_VERSION = 5.0;
				TARGETED_DEVICE_FAMILY = "1,2";
			};
			name = Debug;
		};
		FAFD014E2510E71300BB3C17 /* Release */ = {
			isa = XCBuildConfiguration;
			buildSettings = {
				ASSETCATALOG_COMPILER_APPICON_NAME = AppIcon;
				CODE_SIGN_STYLE = Automatic;
				DEVELOPMENT_TEAM = 5N694U2NVC;
				INFOPLIST_FILE = EmojiArtDoc/Info.plist;
				LD_RUNPATH_SEARCH_PATHS = (
					"$(inherited)",
					"@executable_path/Frameworks",
				);
				PRODUCT_BUNDLE_IDENTIFIER = ru.avgrebenkin.EmojiArtDoc;
				PRODUCT_NAME = "$(TARGET_NAME)";
				SWIFT_VERSION = 5.0;
				TARGETED_DEVICE_FAMILY = "1,2";
			};
			name = Release;
		};
/* End XCBuildConfiguration section */

/* Begin XCConfigurationList section */
		FAFD01312510E70D00BB3C17 /* Build configuration list for PBXProject "EmojiArtDoc" */ = {
			isa = XCConfigurationList;
			buildConfigurations = (
				FAFD014A2510E71300BB3C17 /* Debug */,
				FAFD014B2510E71300BB3C17 /* Release */,
			);
			defaultConfigurationIsVisible = 0;
			defaultConfigurationName = Release;
		};
		FAFD014C2510E71300BB3C17 /* Build configuration list for PBXNativeTarget "EmojiArtDoc" */ = {
			isa = XCConfigurationList;
			buildConfigurations = (
				FAFD014D2510E71300BB3C17 /* Debug */,
				FAFD014E2510E71300BB3C17 /* Release */,
			);
			defaultConfigurationIsVisible = 0;
			defaultConfigurationName = Release;
		};
/* End XCConfigurationList section */
	};
	rootObject = FAFD012E2510E70D00BB3C17 /* Project object */;
}
